github.com/google/go-cmp v0.6.0 h1:ofyhxvXcZhMsU5ulbFiLKl/XBFqE1GSq7atu8tAmTRI=
github.com/google/go-cmp v0.6.0/go.mod h1:17dUlkBOakJ0+DkrSSNjCkIjxS6bF9zb3elmeNGIjoY=
github.com/muktihari/fit v0.24.3 h1:gNgPWyyzYMs5xWVBrSFZKmBbpfX9tnZOq7CEw+jsEfo=
github.com/muktihari/fit v0.24.3/go.mod h1:99RXB2OVc87XhcQzgHfUtCVE3VCJ4BvgmyWQI08MM4w=
