github.com/google/go-cmp v0.6.0 h1:ofyhxvXcZhMsU5ulbFiLKl/XBFqE1GSq7atu8tAmTRI=
github.com/google/go-cmp v0.6.0/go.mod h1:17dUlkBOakJ0+DkrSSNjCkIjxS6bF9zb3elmeNGIjoY=
github.com/muktihari/fit v0.24.5 h1:IUzzY3dxQqkgJyHd/c8R6Z1DrGWf/Aj1Atlm2KfQpHQ=
github.com/muktihari/fit v0.24.5/go.mod h1:LIqS8nH+yvDkkJg3ExsTXs1MR671JGw85hIvwUWynDQ=
